// !$*UTF8*$!
{
	archiveVersion = 1;
	classes = {
	};
	objectVersion = 50;
	objects = {

/* Begin PBXBuildFile section */
		F817A1D9221BE02A007AD9BB /* AppDelegate.swift in Sources */ = {isa = PBXBuildFile; fileRef = F817A1D8221BE02A007AD9BB /* AppDelegate.swift */; };
		F817A1DB221BE02A007AD9BB /* ViewController.swift in Sources */ = {isa = PBXBuildFile; fileRef = F817A1DA221BE02A007AD9BB /* ViewController.swift */; };
		F817A1DE221BE02A007AD9BB /* Main.storyboard in Resources */ = {isa = PBXBuildFile; fileRef = F817A1DC221BE02A007AD9BB /* Main.storyboard */; };
		F817A1E0221BE02C007AD9BB /* Assets.xcassets in Resources */ = {isa = PBXBuildFile; fileRef = F817A1DF221BE02C007AD9BB /* Assets.xcassets */; };
		F817A1E3221BE02C007AD9BB /* LaunchScreen.storyboard in Resources */ = {isa = PBXBuildFile; fileRef = F817A1E1221BE02C007AD9BB /* LaunchScreen.storyboard */; };
/* End PBXBuildFile section */

/* Begin PBXFileReference section */
		F817A1D5221BE02A007AD9BB /* Academic Plagiarizm.app */ = {isa = PBXFileReference; explicitFileType = wrapper.application; includeInIndex = 0; path = "Academic Plagiarizm.app"; sourceTree = BUILT_PRODUCTS_DIR; };
		F817A1D8221BE02A007AD9BB /* AppDelegate.swift */ = {isa = PBXFileReference; lastKnownFileType = sourcecode.swift; path = AppDelegate.swift; sourceTree = "<group>"; };
		F817A1DA221BE02A007AD9BB /* ViewController.swift */ = {isa = PBXFileReference; lastKnownFileType = sourcecode.swift; path = ViewController.swift; sourceTree = "<group>"; };
		F817A1DD221BE02A007AD9BB /* Base */ = {isa = PBXFileReference; lastKnownFileType = file.storyboard; name = Base; path = Base.lproj/Main.storyboard; sourceTree = "<group>"; };
		F817A1DF221BE02C007AD9BB /* Assets.xcassets */ = {isa = PBXFileReference; lastKnownFileType = folder.assetcatalog; path = Assets.xcassets; sourceTree = "<group>"; };
		F817A1E2221BE02C007AD9BB /* Base */ = {isa = PBXFileReference; lastKnownFileType = file.storyboard; name = Base; path = Base.lproj/LaunchScreen.storyboard; sourceTree = "<group>"; };
		F817A1E4221BE02C007AD9BB /* Info.plist */ = {isa = PBXFileReference; lastKnownFileType = text.plist.xml; path = Info.plist; sourceTree = "<group>"; };
/* End PBXFileReference section */

/* Begin PBXFrameworksBuildPhase section */
		F817A1D2221BE02A007AD9BB /* Frameworks */ = {
			isa = PBXFrameworksBuildPhase;
			buildActionMask = 2147483647;
			files = (
			);
			runOnlyForDeploymentPostprocessing = 0;
		};
/* End PBXFrameworksBuildPhase section */

/* Begin PBXGroup section */
		F817A1CC221BE02A007AD9BB = {
			isa = PBXGroup;
			children = (
				F817A1D7221BE02A007AD9BB /* Academic Plagiarizm */,
				F817A1D6221BE02A007AD9BB /* Products */,
			);
			sourceTree = "<group>";
		};
		F817A1D6221BE02A007AD9BB /* Products */ = {
			isa = PBXGroup;
			children = (
				F817A1D5221BE02A007AD9BB /* Academic Plagiarizm.app */,
			);
			name = Products;
			sourceTree = "<group>";
		};
		F817A1D7221BE02A007AD9BB /* Academic Plagiarizm */ = {
			isa = PBXGroup;
			children = (
				F817A1D8221BE02A007AD9BB /* AppDelegate.swift */,
				F817A1DA221BE02A007AD9BB /* ViewController.swift */,
				F817A1DC221BE02A007AD9BB /* Main.storyboard */,
				F817A1DF221BE02C007AD9BB /* Assets.xcassets */,
				F817A1E1221BE02C007AD9BB /* LaunchScreen.storyboard */,
				F817A1E4221BE02C007AD9BB /* Info.plist */,
			);
			path = "Academic Plagiarizm";
			sourceTree = "<group>";
		};
/* End PBXGroup section */

/* Begin PBXNativeTarget section */
		F817A1D4221BE02A007AD9BB /* Academic Plagiarizm */ = {
			isa = PBXNativeTarget;
			buildConfigurationList = F817A1E7221BE02C007AD9BB /* Build configuration list for PBXNativeTarget "Academic Plagiarizm" */;
			buildPhases = (
				F817A1D1221BE02A007AD9BB /* Sources */,
				F817A1D2221BE02A007AD9BB /* Frameworks */,
				F817A1D3221BE02A007AD9BB /* Resources */,
			);
			buildRules = (
			);
			dependencies = (
			);
			name = "Academic Plagiarizm";
			productName = "Academic Plagiarizm";
			productReference = F817A1D5221BE02A007AD9BB /* Academic Plagiarizm.app */;
			productType = "com.apple.product-type.application";
		};
/* End PBXNativeTarget section */

/* Begin PBXProject section */
		F817A1CD221BE02A007AD9BB /* Project object */ = {
			isa = PBXProject;
			attributes = {
				LastSwiftUpdateCheck = 1010;
				LastUpgradeCheck = 1010;
				ORGANIZATIONNAME = Microcis;
				TargetAttributes = {
					F817A1D4221BE02A007AD9BB = {
						CreatedOnToolsVersion = 10.1;
					};
				};
			};
			buildConfigurationList = F817A1D0221BE02A007AD9BB /* Build configuration list for PBXProject "Academic Plagiarizm" */;
			compatibilityVersion = "Xcode 9.3";
			developmentRegion = en;
			hasScannedForEncodings = 0;
			knownRegions = (
				en,
				Base,
			);
			mainGroup = F817A1CC221BE02A007AD9BB;
			productRefGroup = F817A1D6221BE02A007AD9BB /* Products */;
			projectDirPath = "";
			projectRoot = "";
			targets = (
				F817A1D4221BE02A007AD9BB /* Academic Plagiarizm */,
			);
		};
/* End PBXProject section */

/* Begin PBXResourcesBuildPhase section */
		F817A1D3221BE02A007AD9BB /* Resources */ = {
			isa = PBXResourcesBuildPhase;
			buildActionMask = 2147483647;
			files = (
				F817A1E3221BE02C007AD9BB /* LaunchScreen.storyboard in Resources */,
				F817A1E0221BE02C007AD9BB /* Assets.xcassets in Resources */,
				F817A1DE221BE02A007AD9BB /* Main.storyboard in Resources */,
			);
			runOnlyForDeploymentPostprocessing = 0;
		};
/* End PBXResourcesBuildPhase section */

/* Begin PBXSourcesBuildPhase section */
		F817A1D1221BE02A007AD9BB /* Sources */ = {
			isa = PBXSourcesBuildPhase;
			buildActionMask = 2147483647;
			files = (
				F817A1DB221BE02A007AD9BB /* ViewController.swift in Sources */,
				F817A1D9221BE02A007AD9BB /* AppDelegate.swift in Sources */,
			);
			runOnlyForDeploymentPostprocessing = 0;
		};
/* End PBXSourcesBuildPhase section */

/* Begin PBXVariantGroup section */
		F817A1DC221BE02A007AD9BB /* Main.storyboard */ = {
			isa = PBXVariantGroup;
			children = (
				F817A1DD221BE02A007AD9BB /* Base */,
			);
			name = Main.storyboard;
			sourceTree = "<group>";
		};
		F817A1E1221BE02C007AD9BB /* LaunchScreen.storyboard */ = {
			isa = PBXVariantGroup;
			children = (
				F817A1E2221BE02C007AD9BB /* Base */,
			);
			name = LaunchScreen.storyboard;
			sourceTree = "<group>";
		};
/* End PBXVariantGroup section */

/* Begin XCBuildConfiguration section */
		F817A1E5221BE02C007AD9BB /* Debug */ = {
			isa = XCBuildConfiguration;
			buildSettings = {
				ALWAYS_SEARCH_USER_PATHS = NO;
				CLANG_ANALYZER_NONNULL = YES;
				CLANG_ANALYZER_NUMBER_OBJECT_CONVERSION = YES_AGGRESSIVE;
				CLANG_CXX_LANGUAGE_STANDARD = "gnu++14";
				CLANG_CXX_LIBRARY = "libc++";
				CLANG_ENABLE_MODULES = YES;
				CLANG_ENABLE_OBJC_ARC = YES;
				CLANG_ENABLE_OBJC_WEAK = YES;
				CLANG_WARN_BLOCK_CAPTURE_AUTORELEASING = YES;
				CLANG_WARN_BOOL_CONVERSION = YES;
				CLANG_WARN_COMMA = YES;
				CLANG_WARN_CONSTANT_CONVERSION = YES;
				CLANG_WARN_DEPRECATED_OBJC_IMPLEMENTATIONS = YES;
				CLANG_WARN_DIRECT_OBJC_ISA_USAGE = YES_ERROR;
				CLANG_WARN_DOCUMENTATION_COMMENTS = YES;
				CLANG_WARN_EMPTY_BODY = YES;
				CLANG_WARN_ENUM_CONVERSION = YES;
				CLANG_WARN_INFINITE_RECURSION = YES;
				CLANG_WARN_INT_CONVERSION = YES;
				CLANG_WARN_NON_LITERAL_NULL_CONVERSION = YES;
				CLANG_WARN_OBJC_IMPLICIT_RETAIN_SELF = YES;
				CLANG_WARN_OBJC_LITERAL_CONVERSION = YES;
				CLANG_WARN_OBJC_ROOT_CLASS = YES_ERROR;
				CLANG_WARN_RANGE_LOOP_ANALYSIS = YES;
				CLANG_WARN_STRICT_PROTOTYPES = YES;
				CLANG_WARN_SUSPICIOUS_MOVE = YES;
				CLANG_WARN_UNGUARDED_AVAILABILITY = YES_AGGRESSIVE;
				CLANG_WARN_UNREACHABLE_CODE = YES;
				CLANG_WARN__DUPLICATE_METHOD_MATCH = YES;
				CODE_SIGN_IDENTITY = "iPhone Developer";
				COPY_PHASE_STRIP = NO;
				DEBUG_INFORMATION_FORMAT = dwarf;
				ENABLE_STRICT_OBJC_MSGSEND = YES;
				ENABLE_TESTABILITY = YES;
				GCC_C_LANGUAGE_STANDARD = gnu11;
				GCC_DYNAMIC_NO_PIC = NO;
				GCC_NO_COMMON_BLOCKS = YES;
				GCC_OPTIMIZATION_LEVEL = 0;
				GCC_PREPROCESSOR_DEFINITIONS = (
					"DEBUG=1",
					"$(inherited)",
				);
				GCC_WARN_64_TO_32_BIT_CONVERSION = YES;
				GCC_WARN_ABOUT_RETURN_TYPE = YES_ERROR;
				GCC_WARN_UNDECLARED_SELECTOR = YES;
				GCC_WARN_UNINITIALIZED_AUTOS = YES_AGGRESSIVE;
				GCC_WARN_UNUSED_FUNCTION = YES;
				GCC_WARN_UNUSED_VARIABLE = YES;
				IPHONEOS_DEPLOYMENT_TARGET = 12.1;
				MTL_ENABLE_DEBUG_INFO = INCLUDE_SOURCE;
				MTL_FAST_MATH = YES;
				ONLY_ACTIVE_ARCH = YES;
				SDKROOT = iphoneos;
				SWIFT_ACTIVE_COMPILATION_CONDITIONS = DEBUG;
				SWIFT_OPTIMIZATION_LEVEL = "-Onone";
			};
			name = Debug;
		};
		F817A1E6221BE02C007AD9BB /* Release */ = {
			isa = XCBuildConfiguration;
			buildSettings = {
				ALWAYS_SEARCH_USER_PATHS = NO;
				CLANG_ANALYZER_NONNULL = YES;
				CLANG_ANALYZER_NUMBER_OBJECT_CONVERSION = YES_AGGRESSIVE;
				CLANG_CXX_LANGUAGE_STANDARD = "gnu++14";
				CLANG_CXX_LIBRARY = "libc++";
				CLANG_ENABLE_MODULES = YES;
				CLANG_ENABLE_OBJC_ARC = YES;
				CLANG_ENABLE_OBJC_WEAK = YES;
				CLANG_WARN_BLOCK_CAPTURE_AUTORELEASING = YES;
				CLANG_WARN_BOOL_CONVERSION = YES;
				CLANG_WARN_COMMA = YES;
				CLANG_WARN_CONSTANT_CONVERSION = YES;
				CLANG_WARN_DEPRECATED_OBJC_IMPLEMENTATIONS = YES;
				CLANG_WARN_DIRECT_OBJC_ISA_USAGE = YES_ERROR;
				CLANG_WARN_DOCUMENTATION_COMMENTS = YES;
				CLANG_WARN_EMPTY_BODY = YES;
				CLANG_WARN_ENUM_CONVERSION = YES;
				CLANG_WARN_INFINITE_RECURSION = YES;
				CLANG_WARN_INT_CONVERSION = YES;
				CLANG_WARN_NON_LITERAL_NULL_CONVERSION = YES;
				CLANG_WARN_OBJC_IMPLICIT_RETAIN_SELF = YES;
				CLANG_WARN_OBJC_LITERAL_CONVERSION = YES;
				CLANG_WARN_OBJC_ROOT_CLASS = YES_ERROR;
				CLANG_WARN_RANGE_LOOP_ANALYSIS = YES;
				CLANG_WARN_STRICT_PROTOTYPES = YES;
				CLANG_WARN_SUSPICIOUS_MOVE = YES;
				CLANG_WARN_UNGUARDED_AVAILABILITY = YES_AGGRESSIVE;
				CLANG_WARN_UNREACHABLE_CODE = YES;
				CLANG_WARN__DUPLICATE_METHOD_MATCH = YES;
				CODE_SIGN_IDENTITY = "iPhone Developer";
				COPY_PHASE_STRIP = NO;
				DEBUG_INFORMATION_FORMAT = "dwarf-with-dsym";
				ENABLE_NS_ASSERTIONS = NO;
				ENABLE_STRICT_OBJC_MSGSEND = YES;
				GCC_C_LANGUAGE_STANDARD = gnu11;
				GCC_NO_COMMON_BLOCKS = YES;
				GCC_WARN_64_TO_32_BIT_CONVERSION = YES;
				GCC_WARN_ABOUT_RETURN_TYPE = YES_ERROR;
				GCC_WARN_UNDECLARED_SELECTOR = YES;
				GCC_WARN_UNINITIALIZED_AUTOS = YES_AGGRESSIVE;
				GCC_WARN_UNUSED_FUNCTION = YES;
				GCC_WARN_UNUSED_VARIABLE = YES;
				IPHONEOS_DEPLOYMENT_TARGET = 12.1;
				MTL_ENABLE_DEBUG_INFO = NO;
				MTL_FAST_MATH = YES;
				SDKROOT = iphoneos;
				SWIFT_COMPILATION_MODE = wholemodule;
				SWIFT_OPTIMIZATION_LEVEL = "-O";
				VALIDATE_PRODUCT = YES;
			};
			name = Release;
		};
		F817A1E8221BE02C007AD9BB /* Debug */ = {
			isa = XCBuildConfiguration;
			buildSettings = {
				ASSETCATALOG_COMPILER_APPICON_NAME = AppIcon;
				CODE_SIGN_STYLE = Automatic;
				INFOPLIST_FILE = "Academic Plagiarizm/Info.plist";
				LD_RUNPATH_SEARCH_PATHS = (
					"$(inherited)",
					"@executable_path/Frameworks",
				);
				PRODUCT_BUNDLE_IDENTIFIER = "com.microcis.Academic-Plagiarizm";
				PRODUCT_NAME = "$(TARGET_NAME)";
				SWIFT_VERSION = 4.2;
				TARGETED_DEVICE_FAMILY = "1,2";
			};
			name = Debug;
		};
		F817A1E9221BE02C007AD9BB /* Release */ = {
			isa = XCBuildConfiguration;
			buildSettings = {
				ASSETCATALOG_COMPILER_APPICON_NAME = AppIcon;
				CODE_SIGN_STYLE = Automatic;
				INFOPLIST_FILE = "Academic Plagiarizm/Info.plist";
				LD_RUNPATH_SEARCH_PATHS = (
					"$(inherited)",
					"@executable_path/Frameworks",
				);
				PRODUCT_BUNDLE_IDENTIFIER = "com.microcis.Academic-Plagiarizm";
				PRODUCT_NAME = "$(TARGET_NAME)";
				SWIFT_VERSION = 4.2;
				TARGETED_DEVICE_FAMILY = "1,2";
			};
			name = Release;
		};
/* End XCBuildConfiguration section */

/* Begin XCConfigurationList section */
		F817A1D0221BE02A007AD9BB /* Build configuration list for PBXProject "Academic Plagiarizm" */ = {
			isa = XCConfigurationList;
			buildConfigurations = (
				F817A1E5221BE02C007AD9BB /* Debug */,
				F817A1E6221BE02C007AD9BB /* Release */,
			);
			defaultConfigurationIsVisible = 0;
			defaultConfigurationName = Release;
		};
		F817A1E7221BE02C007AD9BB /* Build configuration list for PBXNativeTarget "Academic Plagiarizm" */ = {
			isa = XCConfigurationList;
			buildConfigurations = (
				F817A1E8221BE02C007AD9BB /* Debug */,
				F817A1E9221BE02C007AD9BB /* Release */,
			);
			defaultConfigurationIsVisible = 0;
			defaultConfigurationName = Release;
		};
/* End XCConfigurationList section */
	};
	rootObject = F817A1CD221BE02A007AD9BB /* Project object */;
}
